// !$*UTF8*$!
{
	archiveVersion = 1;
	classes = {
	};
	objectVersion = 50;
	objects = {

/* Begin PBXBuildFile section */
		07EE779B0E47889327376122 /* libPods-Lab 1.a in Frameworks */ = {isa = PBXBuildFile; fileRef = 96996C703D0FAF93C5874E9A /* libPods-Lab 1.a */; };
		9E57A9A32439FBFF0006E790 /* AppDelegate.swift in Sources */ = {isa = PBXBuildFile; fileRef = 9E57A9A22439FBFF0006E790 /* AppDelegate.swift */; };
		9E57A9A52439FBFF0006E790 /* SceneDelegate.swift in Sources */ = {isa = PBXBuildFile; fileRef = 9E57A9A42439FBFF0006E790 /* SceneDelegate.swift */; };
		9E57A9A72439FBFF0006E790 /* ViewController.swift in Sources */ = {isa = PBXBuildFile; fileRef = 9E57A9A62439FBFF0006E790 /* ViewController.swift */; };
		9E57A9AA2439FBFF0006E790 /* Main.storyboard in Resources */ = {isa = PBXBuildFile; fileRef = 9E57A9A82439FBFF0006E790 /* Main.storyboard */; };
		9E57A9AC2439FC040006E790 /* Assets.xcassets in Resources */ = {isa = PBXBuildFile; fileRef = 9E57A9AB2439FC040006E790 /* Assets.xcassets */; };
		9E57A9AF2439FC040006E790 /* LaunchScreen.storyboard in Resources */ = {isa = PBXBuildFile; fileRef = 9E57A9AD2439FC040006E790 /* LaunchScreen.storyboard */; };
/* End PBXBuildFile section */

/* Begin PBXFileReference section */
		26896F58836010D40F2234CD /* Pods-Lab 1.debug.xcconfig */ = {isa = PBXFileReference; includeInIndex = 1; lastKnownFileType = text.xcconfig; name = "Pods-Lab 1.debug.xcconfig"; path = "Target Support Files/Pods-Lab 1/Pods-Lab 1.debug.xcconfig"; sourceTree = "<group>"; };
		96996C703D0FAF93C5874E9A /* libPods-Lab 1.a */ = {isa = PBXFileReference; explicitFileType = archive.ar; includeInIndex = 0; path = "libPods-Lab 1.a"; sourceTree = BUILT_PRODUCTS_DIR; };
		9E57A99F2439FBFF0006E790 /* Lab 1.app */ = {isa = PBXFileReference; explicitFileType = wrapper.application; includeInIndex = 0; path = "Lab 1.app"; sourceTree = BUILT_PRODUCTS_DIR; };
		9E57A9A22439FBFF0006E790 /* AppDelegate.swift */ = {isa = PBXFileReference; lastKnownFileType = sourcecode.swift; path = AppDelegate.swift; sourceTree = "<group>"; };
		9E57A9A42439FBFF0006E790 /* SceneDelegate.swift */ = {isa = PBXFileReference; lastKnownFileType = sourcecode.swift; path = SceneDelegate.swift; sourceTree = "<group>"; };
		9E57A9A62439FBFF0006E790 /* ViewController.swift */ = {isa = PBXFileReference; lastKnownFileType = sourcecode.swift; path = ViewController.swift; sourceTree = "<group>"; };
		9E57A9A92439FBFF0006E790 /* Base */ = {isa = PBXFileReference; lastKnownFileType = file.storyboard; name = Base; path = Base.lproj/Main.storyboard; sourceTree = "<group>"; };
		9E57A9AB2439FC040006E790 /* Assets.xcassets */ = {isa = PBXFileReference; lastKnownFileType = folder.assetcatalog; path = Assets.xcassets; sourceTree = "<group>"; };
		9E57A9AE2439FC040006E790 /* Base */ = {isa = PBXFileReference; lastKnownFileType = file.storyboard; name = Base; path = Base.lproj/LaunchScreen.storyboard; sourceTree = "<group>"; };
		9E57A9B02439FC040006E790 /* Info.plist */ = {isa = PBXFileReference; lastKnownFileType = text.plist.xml; path = Info.plist; sourceTree = "<group>"; };
		A0F16DFBD5A07B629F1FBEC9 /* Pods-Lab 1.release.xcconfig */ = {isa = PBXFileReference; includeInIndex = 1; lastKnownFileType = text.xcconfig; name = "Pods-Lab 1.release.xcconfig"; path = "Target Support Files/Pods-Lab 1/Pods-Lab 1.release.xcconfig"; sourceTree = "<group>"; };
/* End PBXFileReference section */

/* Begin PBXFrameworksBuildPhase section */
		9E57A99C2439FBFE0006E790 /* Frameworks */ = {
			isa = PBXFrameworksBuildPhase;
			buildActionMask = 2147483647;
			files = (
				07EE779B0E47889327376122 /* libPods-Lab 1.a in Frameworks */,
			);
			runOnlyForDeploymentPostprocessing = 0;
		};
/* End PBXFrameworksBuildPhase section */

/* Begin PBXGroup section */
		5DDA8B0CC8795BB5AEDBA844 /* Frameworks */ = {
			isa = PBXGroup;
			children = (
				96996C703D0FAF93C5874E9A /* libPods-Lab 1.a */,
			);
			name = Frameworks;
			sourceTree = "<group>";
		};
		88913788038E1093DA245F7F /* Pods */ = {
			isa = PBXGroup;
			children = (
				26896F58836010D40F2234CD /* Pods-Lab 1.debug.xcconfig */,
				A0F16DFBD5A07B629F1FBEC9 /* Pods-Lab 1.release.xcconfig */,
			);
			name = Pods;
			path = Pods;
			sourceTree = "<group>";
		};
		9E57A9962439FBFE0006E790 = {
			isa = PBXGroup;
			children = (
				9E57A9A12439FBFF0006E790 /* Lab 1 */,
				9E57A9A02439FBFF0006E790 /* Products */,
				88913788038E1093DA245F7F /* Pods */,
				5DDA8B0CC8795BB5AEDBA844 /* Frameworks */,
			);
			sourceTree = "<group>";
		};
		9E57A9A02439FBFF0006E790 /* Products */ = {
			isa = PBXGroup;
			children = (
				9E57A99F2439FBFF0006E790 /* Lab 1.app */,
			);
			name = Products;
			sourceTree = "<group>";
		};
		9E57A9A12439FBFF0006E790 /* Lab 1 */ = {
			isa = PBXGroup;
			children = (
				9E57A9A22439FBFF0006E790 /* AppDelegate.swift */,
				9E57A9A42439FBFF0006E790 /* SceneDelegate.swift */,
				9E57A9A62439FBFF0006E790 /* ViewController.swift */,
				9E57A9A82439FBFF0006E790 /* Main.storyboard */,
				9E57A9AB2439FC040006E790 /* Assets.xcassets */,
				9E57A9AD2439FC040006E790 /* LaunchScreen.storyboard */,
				9E57A9B02439FC040006E790 /* Info.plist */,
			);
			path = "Lab 1";
			sourceTree = "<group>";
		};
/* End PBXGroup section */

/* Begin PBXNativeTarget section */
		9E57A99E2439FBFE0006E790 /* Lab 1 */ = {
			isa = PBXNativeTarget;
			buildConfigurationList = 9E57A9B32439FC040006E790 /* Build configuration list for PBXNativeTarget "Lab 1" */;
			buildPhases = (
				6B2A868D670DE40A165EEADD /* [CP] Check Pods Manifest.lock */,
				9E57A99B2439FBFE0006E790 /* Sources */,
				9E57A99C2439FBFE0006E790 /* Frameworks */,
				9E57A99D2439FBFE0006E790 /* Resources */,
			);
			buildRules = (
			);
			dependencies = (
			);
			name = "Lab 1";
			productName = "Lab 1";
			productReference = 9E57A99F2439FBFF0006E790 /* Lab 1.app */;
			productType = "com.apple.product-type.application";
		};
/* End PBXNativeTarget section */

/* Begin PBXProject section */
		9E57A9972439FBFE0006E790 /* Project object */ = {
			isa = PBXProject;
			attributes = {
				LastSwiftUpdateCheck = 1130;
				LastUpgradeCheck = 1130;
				ORGANIZATIONNAME = "Remon Gerges Shehata";
				TargetAttributes = {
					9E57A99E2439FBFE0006E790 = {
						CreatedOnToolsVersion = 11.3;
					};
				};
			};
			buildConfigurationList = 9E57A99A2439FBFE0006E790 /* Build configuration list for PBXProject "Lab 1" */;
			compatibilityVersion = "Xcode 9.3";
			developmentRegion = en;
			hasScannedForEncodings = 0;
			knownRegions = (
				en,
				Base,
			);
			mainGroup = 9E57A9962439FBFE0006E790;
			productRefGroup = 9E57A9A02439FBFF0006E790 /* Products */;
			projectDirPath = "";
			projectRoot = "";
			targets = (
				9E57A99E2439FBFE0006E790 /* Lab 1 */,
			);
		};
/* End PBXProject section */

/* Begin PBXResourcesBuildPhase section */
		9E57A99D2439FBFE0006E790 /* Resources */ = {
			isa = PBXResourcesBuildPhase;
			buildActionMask = 2147483647;
			files = (
				9E57A9AF2439FC040006E790 /* LaunchScreen.storyboard in Resources */,
				9E57A9AC2439FC040006E790 /* Assets.xcassets in Resources */,
				9E57A9AA2439FBFF0006E790 /* Main.storyboard in Resources */,
			);
			runOnlyForDeploymentPostprocessing = 0;
		};
/* End PBXResourcesBuildPhase section */

/* Begin PBXShellScriptBuildPhase section */
		6B2A868D670DE40A165EEADD /* [CP] Check Pods Manifest.lock */ = {
			isa = PBXShellScriptBuildPhase;
			buildActionMask = 2147483647;
			files = (
			);
			inputFileListPaths = (
			);
			inputPaths = (
				"${PODS_PODFILE_DIR_PATH}/Podfile.lock",
				"${PODS_ROOT}/Manifest.lock",
			);
			name = "[CP] Check Pods Manifest.lock";
			outputFileListPaths = (
			);
			outputPaths = (
				"$(DERIVED_FILE_DIR)/Pods-Lab 1-checkManifestLockResult.txt",
			);
			runOnlyForDeploymentPostprocessing = 0;
			shellPath = /bin/sh;
			shellScript = "diff \"${PODS_PODFILE_DIR_PATH}/Podfile.lock\" \"${PODS_ROOT}/Manifest.lock\" > /dev/null\nif [ $? != 0 ] ; then\n    # print error to STDERR\n    echo \"error: The sandbox is not in sync with the Podfile.lock. Run 'pod install' or update your CocoaPods installation.\" >&2\n    exit 1\nfi\n# This output is used by Xcode 'outputs' to avoid re-running this script phase.\necho \"SUCCESS\" > \"${SCRIPT_OUTPUT_FILE_0}\"\n";
			showEnvVarsInLog = 0;
		};
/* End PBXShellScriptBuildPhase section */

/* Begin PBXSourcesBuildPhase section */
		9E57A99B2439FBFE0006E790 /* Sources */ = {
			isa = PBXSourcesBuildPhase;
			buildActionMask = 2147483647;
			files = (
				9E57A9A72439FBFF0006E790 /* ViewController.swift in Sources */,
				9E57A9A32439FBFF0006E790 /* AppDelegate.swift in Sources */,
				9E57A9A52439FBFF0006E790 /* SceneDelegate.swift in Sources */,
			);
			runOnlyForDeploymentPostprocessing = 0;
		};
/* End PBXSourcesBuildPhase section */

/* Begin PBXVariantGroup section */
		9E57A9A82439FBFF0006E790 /* Main.storyboard */ = {
			isa = PBXVariantGroup;
			children = (
				9E57A9A92439FBFF0006E790 /* Base */,
			);
			name = Main.storyboard;
			sourceTree = "<group>";
		};
		9E57A9AD2439FC040006E790 /* LaunchScreen.storyboard */ = {
			isa = PBXVariantGroup;
			children = (
				9E57A9AE2439FC040006E790 /* Base */,
			);
			name = LaunchScreen.storyboard;
			sourceTree = "<group>";
		};
/* End PBXVariantGroup section */

/* Begin XCBuildConfiguration section */
		9E57A9B12439FC040006E790 /* Debug */ = {
			isa = XCBuildConfiguration;
			buildSettings = {
				ALWAYS_SEARCH_USER_PATHS = NO;
				CLANG_ANALYZER_NONNULL = YES;
				CLANG_ANALYZER_NUMBER_OBJECT_CONVERSION = YES_AGGRESSIVE;
				CLANG_CXX_LANGUAGE_STANDARD = "gnu++14";
				CLANG_CXX_LIBRARY = "libc++";
				CLANG_ENABLE_MODULES = YES;
				CLANG_ENABLE_OBJC_ARC = YES;
				CLANG_ENABLE_OBJC_WEAK = YES;
				CLANG_WARN_BLOCK_CAPTURE_AUTORELEASING = YES;
				CLANG_WARN_BOOL_CONVERSION = YES;
				CLANG_WARN_COMMA = YES;
				CLANG_WARN_CONSTANT_CONVERSION = YES;
				CLANG_WARN_DEPRECATED_OBJC_IMPLEMENTATIONS = YES;
				CLANG_WARN_DIRECT_OBJC_ISA_USAGE = YES_ERROR;
				CLANG_WARN_DOCUMENTATION_COMMENTS = YES;
				CLANG_WARN_EMPTY_BODY = YES;
				CLANG_WARN_ENUM_CONVERSION = YES;
				CLANG_WARN_INFINITE_RECURSION = YES;
				CLANG_WARN_INT_CONVERSION = YES;
				CLANG_WARN_NON_LITERAL_NULL_CONVERSION = YES;
				CLANG_WARN_OBJC_IMPLICIT_RETAIN_SELF = YES;
				CLANG_WARN_OBJC_LITERAL_CONVERSION = YES;
				CLANG_WARN_OBJC_ROOT_CLASS = YES_ERROR;
				CLANG_WARN_RANGE_LOOP_ANALYSIS = YES;
				CLANG_WARN_STRICT_PROTOTYPES = YES;
				CLANG_WARN_SUSPICIOUS_MOVE = YES;
				CLANG_WARN_UNGUARDED_AVAILABILITY = YES_AGGRESSIVE;
				CLANG_WARN_UNREACHABLE_CODE = YES;
				CLANG_WARN__DUPLICATE_METHOD_MATCH = YES;
				COPY_PHASE_STRIP = NO;
				DEBUG_INFORMATION_FORMAT = dwarf;
				ENABLE_STRICT_OBJC_MSGSEND = YES;
				ENABLE_TESTABILITY = YES;
				GCC_C_LANGUAGE_STANDARD = gnu11;
				GCC_DYNAMIC_NO_PIC = NO;
				GCC_NO_COMMON_BLOCKS = YES;
				GCC_OPTIMIZATION_LEVEL = 0;
				GCC_PREPROCESSOR_DEFINITIONS = (
					"DEBUG=1",
					"$(inherited)",
				);
				GCC_WARN_64_TO_32_BIT_CONVERSION = YES;
				GCC_WARN_ABOUT_RETURN_TYPE = YES_ERROR;
				GCC_WARN_UNDECLARED_SELECTOR = YES;
				GCC_WARN_UNINITIALIZED_AUTOS = YES_AGGRESSIVE;
				GCC_WARN_UNUSED_FUNCTION = YES;
				GCC_WARN_UNUSED_VARIABLE = YES;
				IPHONEOS_DEPLOYMENT_TARGET = 13.2;
				MTL_ENABLE_DEBUG_INFO = INCLUDE_SOURCE;
				MTL_FAST_MATH = YES;
				ONLY_ACTIVE_ARCH = YES;
				SDKROOT = iphoneos;
				SWIFT_ACTIVE_COMPILATION_CONDITIONS = DEBUG;
				SWIFT_OPTIMIZATION_LEVEL = "-Onone";
			};
			name = Debug;
		};
		9E57A9B22439FC040006E790 /* Release */ = {
			isa = XCBuildConfiguration;
			buildSettings = {
				ALWAYS_SEARCH_USER_PATHS = NO;
				CLANG_ANALYZER_NONNULL = YES;
				CLANG_ANALYZER_NUMBER_OBJECT_CONVERSION = YES_AGGRESSIVE;
				CLANG_CXX_LANGUAGE_STANDARD = "gnu++14";
				CLANG_CXX_LIBRARY = "libc++";
				CLANG_ENABLE_MODULES = YES;
				CLANG_ENABLE_OBJC_ARC = YES;
				CLANG_ENABLE_OBJC_WEAK = YES;
				CLANG_WARN_BLOCK_CAPTURE_AUTORELEASING = YES;
				CLANG_WARN_BOOL_CONVERSION = YES;
				CLANG_WARN_COMMA = YES;
				CLANG_WARN_CONSTANT_CONVERSION = YES;
				CLANG_WARN_DEPRECATED_OBJC_IMPLEMENTATIONS = YES;
				CLANG_WARN_DIRECT_OBJC_ISA_USAGE = YES_ERROR;
				CLANG_WARN_DOCUMENTATION_COMMENTS = YES;
				CLANG_WARN_EMPTY_BODY = YES;
				CLANG_WARN_ENUM_CONVERSION = YES;
				CLANG_WARN_INFINITE_RECURSION = YES;
				CLANG_WARN_INT_CONVERSION = YES;
				CLANG_WARN_NON_LITERAL_NULL_CONVERSION = YES;
				CLANG_WARN_OBJC_IMPLICIT_RETAIN_SELF = YES;
				CLANG_WARN_OBJC_LITERAL_CONVERSION = YES;
				CLANG_WARN_OBJC_ROOT_CLASS = YES_ERROR;
				CLANG_WARN_RANGE_LOOP_ANALYSIS = YES;
				CLANG_WARN_STRICT_PROTOTYPES = YES;
				CLANG_WARN_SUSPICIOUS_MOVE = YES;
				CLANG_WARN_UNGUARDED_AVAILABILITY = YES_AGGRESSIVE;
				CLANG_WARN_UNREACHABLE_CODE = YES;
				CLANG_WARN__DUPLICATE_METHOD_MATCH = YES;
				COPY_PHASE_STRIP = NO;
				DEBUG_INFORMATION_FORMAT = "dwarf-with-dsym";
				ENABLE_NS_ASSERTIONS = NO;
				ENABLE_STRICT_OBJC_MSGSEND = YES;
				GCC_C_LANGUAGE_STANDARD = gnu11;
				GCC_NO_COMMON_BLOCKS = YES;
				GCC_WARN_64_TO_32_BIT_CONVERSION = YES;
				GCC_WARN_ABOUT_RETURN_TYPE = YES_ERROR;
				GCC_WARN_UNDECLARED_SELECTOR = YES;
				GCC_WARN_UNINITIALIZED_AUTOS = YES_AGGRESSIVE;
				GCC_WARN_UNUSED_FUNCTION = YES;
				GCC_WARN_UNUSED_VARIABLE = YES;
				IPHONEOS_DEPLOYMENT_TARGET = 13.2;
				MTL_ENABLE_DEBUG_INFO = NO;
				MTL_FAST_MATH = YES;
				SDKROOT = iphoneos;
				SWIFT_COMPILATION_MODE = wholemodule;
				SWIFT_OPTIMIZATION_LEVEL = "-O";
				VALIDATE_PRODUCT = YES;
			};
			name = Release;
		};
		9E57A9B42439FC040006E790 /* Debug */ = {
			isa = XCBuildConfiguration;
			baseConfigurationReference = 26896F58836010D40F2234CD /* Pods-Lab 1.debug.xcconfig */;
			buildSettings = {
				ASSETCATALOG_COMPILER_APPICON_NAME = AppIcon;
				CODE_SIGN_STYLE = Automatic;
				INFOPLIST_FILE = "Lab 1/Info.plist";
				LD_RUNPATH_SEARCH_PATHS = (
					"$(inherited)",
					"@executable_path/Frameworks",
				);
				PRODUCT_BUNDLE_IDENTIFIER = "ITI.Lab-1";
				PRODUCT_NAME = "$(TARGET_NAME)";
				SWIFT_VERSION = 5.0;
				TARGETED_DEVICE_FAMILY = "1,2";
			};
			name = Debug;
		};
		9E57A9B52439FC040006E790 /* Release */ = {
			isa = XCBuildConfiguration;
			baseConfigurationReference = A0F16DFBD5A07B629F1FBEC9 /* Pods-Lab 1.release.xcconfig */;
			buildSettings = {
				ASSETCATALOG_COMPILER_APPICON_NAME = AppIcon;
				CODE_SIGN_STYLE = Automatic;
				INFOPLIST_FILE = "Lab 1/Info.plist";
				LD_RUNPATH_SEARCH_PATHS = (
					"$(inherited)",
					"@executable_path/Frameworks",
				);
				PRODUCT_BUNDLE_IDENTIFIER = "ITI.Lab-1";
				PRODUCT_NAME = "$(TARGET_NAME)";
				SWIFT_VERSION = 5.0;
				TARGETED_DEVICE_FAMILY = "1,2";
			};
			name = Release;
		};
/* End XCBuildConfiguration section */

/* Begin XCConfigurationList section */
		9E57A99A2439FBFE0006E790 /* Build configuration list for PBXProject "Lab 1" */ = {
			isa = XCConfigurationList;
			buildConfigurations = (
				9E57A9B12439FC040006E790 /* Debug */,
				9E57A9B22439FC040006E790 /* Release */,
			);
			defaultConfigurationIsVisible = 0;
			defaultConfigurationName = Release;
		};
		9E57A9B32439FC040006E790 /* Build configuration list for PBXNativeTarget "Lab 1" */ = {
			isa = XCConfigurationList;
			buildConfigurations = (
				9E57A9B42439FC040006E790 /* Debug */,
				9E57A9B52439FC040006E790 /* Release */,
			);
			defaultConfigurationIsVisible = 0;
			defaultConfigurationName = Release;
		};
/* End XCConfigurationList section */
	};
	rootObject = 9E57A9972439FBFE0006E790 /* Project object */;
}
